
Microsoft Visual Studio Solution File, Format Version 12.00
# Visual Studio Version 16
VisualStudioVersion = 16.0.31321.278
MinimumVisualStudioVersion = 10.0.40219.1
Project("{9A19103F-16F7-4668-BE54-9A1E7A4F7556}") = "PSP+", "PSP+.csproj", "{CB622889-9BD9-4AD3-AD30-0B521BAB9A12}"
EndProject
Global
	GlobalSection(SolutionConfigurationPlatforms) = preSolution
		Debug|Any CPU = Debug|Any CPU
		Release|Any CPU = Release|Any CPU
	EndGlobalSection
	GlobalSection(ProjectConfigurationPlatforms) = postSolution
		{CB622889-9BD9-4AD3-AD30-0B521BAB9A12}.Debug|Any CPU.ActiveCfg = Debug|Any CPU
		{CB622889-9BD9-4AD3-AD30-0B521BAB9A12}.Debug|Any CPU.Build.0 = Debug|Any CPU
		{CB622889-9BD9-4AD3-AD30-0B521BAB9A12}.Release|Any CPU.ActiveCfg = Release|Any CPU
		{CB622889-9BD9-4AD3-AD30-0B521BAB9A12}.Release|Any CPU.Build.0 = Release|Any CPU
	EndGlobalSection
	GlobalSection(SolutionProperties) = preSolution
		HideSolutionNode = FALSE
	EndGlobalSection
	GlobalSection(ExtensibilityGlobals) = postSolution
		SolutionGuid = {109E8DB7-ECE5-4F7A-9AA6-A1A118BF4230}
	EndGlobalSection
EndGlobal
