
Microsoft Visual Studio Solution File, Format Version 12.00
# Visual Studio Version 16
VisualStudioVersion = 16.0.31321.278
MinimumVisualStudioVersion = 10.0.40219.1
Project("{9A19103F-16F7-4668-BE54-9A1E7A4F7556}") = "PSP+", "PSP+.csproj", "{718BF35B-4A00-45AE-B4F7-CA25FF5411DE}"
EndProject
Global
	GlobalSection(SolutionConfigurationPlatforms) = preSolution
		Debug|Any CPU = Debug|Any CPU
		Release|Any CPU = Release|Any CPU
	EndGlobalSection
	GlobalSection(ProjectConfigurationPlatforms) = postSolution
		{718BF35B-4A00-45AE-B4F7-CA25FF5411DE}.Debug|Any CPU.ActiveCfg = Debug|Any CPU
		{718BF35B-4A00-45AE-B4F7-CA25FF5411DE}.Debug|Any CPU.Build.0 = Debug|Any CPU
		{718BF35B-4A00-45AE-B4F7-CA25FF5411DE}.Release|Any CPU.ActiveCfg = Release|Any CPU
		{718BF35B-4A00-45AE-B4F7-CA25FF5411DE}.Release|Any CPU.Build.0 = Release|Any CPU
	EndGlobalSection
	GlobalSection(SolutionProperties) = preSolution
		HideSolutionNode = FALSE
	EndGlobalSection
	GlobalSection(ExtensibilityGlobals) = postSolution
		SolutionGuid = {78E39888-5C9F-48DC-AA02-6C388501CE55}
	EndGlobalSection
EndGlobal
